// !$*UTF8*$!
{
	archiveVersion = 1;
	classes = {
	};
	objectVersion = 50;
	objects = {

/* Begin PBXBuildFile section */
		A509DC942095B85200AA3B4D /* SwipeTableViewController.swift in Sources */ = {isa = PBXBuildFile; fileRef = A509DC932095B85200AA3B4D /* SwipeTableViewController.swift */; };
		A509DC982095C27500AA3B4D /* PositionData.swift in Sources */ = {isa = PBXBuildFile; fileRef = A509DC972095C27500AA3B4D /* PositionData.swift */; };
		A509DC9A2095D72200AA3B4D /* EmployeeData.swift in Sources */ = {isa = PBXBuildFile; fileRef = A509DC992095D72200AA3B4D /* EmployeeData.swift */; };
		A509DC9C2096C05500AA3B4D /* SettingVC.swift in Sources */ = {isa = PBXBuildFile; fileRef = A509DC9B2096C05500AA3B4D /* SettingVC.swift */; };
		A51862EF209C466D00B8FF29 /* ShiftModel.swift in Sources */ = {isa = PBXBuildFile; fileRef = A51862EE209C466D00B8FF29 /* ShiftModel.swift */; };
		A51862F3209C483300B8FF29 /* CalendarVC.swift in Sources */ = {isa = PBXBuildFile; fileRef = A51862F2209C483300B8FF29 /* CalendarVC.swift */; };
		A51862F5209ECD7300B8FF29 /* ShiftVC.swift in Sources */ = {isa = PBXBuildFile; fileRef = A51862F4209ECD7300B8FF29 /* ShiftVC.swift */; };
		A51862F7209ECD9500B8FF29 /* shiftTemplateData.swift in Sources */ = {isa = PBXBuildFile; fileRef = A51862F6209ECD9500B8FF29 /* shiftTemplateData.swift */; };
		A51862F9209F44F400B8FF29 /* addShiftDetailVC.swift in Sources */ = {isa = PBXBuildFile; fileRef = A51862F8209F44F400B8FF29 /* addShiftDetailVC.swift */; };
		A531B73D2089B72F00AE5670 /* AppDelegate.swift in Sources */ = {isa = PBXBuildFile; fileRef = A531B73C2089B72F00AE5670 /* AppDelegate.swift */; };
		A531B73F2089B72F00AE5670 /* ViewController.swift in Sources */ = {isa = PBXBuildFile; fileRef = A531B73E2089B72F00AE5670 /* ViewController.swift */; };
		A531B7422089B72F00AE5670 /* Main.storyboard in Resources */ = {isa = PBXBuildFile; fileRef = A531B7402089B72F00AE5670 /* Main.storyboard */; };
		A531B7442089B73000AE5670 /* Assets.xcassets in Resources */ = {isa = PBXBuildFile; fileRef = A531B7432089B73000AE5670 /* Assets.xcassets */; };
		A531B7472089B73000AE5670 /* LaunchScreen.storyboard in Resources */ = {isa = PBXBuildFile; fileRef = A531B7452089B73000AE5670 /* LaunchScreen.storyboard */; };
		A531B7522089B8A500AE5670 /* SWRevealViewController.m in Sources */ = {isa = PBXBuildFile; fileRef = A531B7512089B8A500AE5670 /* SWRevealViewController.m */; };
		A531B7542089BC6200AE5670 /* BackTableVC.swift in Sources */ = {isa = PBXBuildFile; fileRef = A531B7532089BC6200AE5670 /* BackTableVC.swift */; };
		A531B7562089D09A00AE5670 /* Hello.swift in Sources */ = {isa = PBXBuildFile; fileRef = A531B7552089D09A00AE5670 /* Hello.swift */; };
		A531B7582089E0FF00AE5670 /* MyShiftViewController.swift in Sources */ = {isa = PBXBuildFile; fileRef = A531B7572089E0FF00AE5670 /* MyShiftViewController.swift */; };
		A5A562CA2091B41B009CA9D1 /* WorkSpaceData.swift in Sources */ = {isa = PBXBuildFile; fileRef = A5A562C92091B41B009CA9D1 /* WorkSpaceData.swift */; };
		A5E7FA3A20A0484F00307B12 /* AddShiftCollectionViewCell.swift in Sources */ = {isa = PBXBuildFile; fileRef = A5E7FA3920A0484F00307B12 /* AddShiftCollectionViewCell.swift */; };
		A5EC29112089ED3100506E74 /* EmployeesVC.swift in Sources */ = {isa = PBXBuildFile; fileRef = A5EC29102089ED3100506E74 /* EmployeesVC.swift */; };
		A5EC29132089F0CF00506E74 /* WorkSpaceVC.swift in Sources */ = {isa = PBXBuildFile; fileRef = A5EC29122089F0CF00506E74 /* WorkSpaceVC.swift */; };
		A5EC29152089F0DC00506E74 /* PositionsVC.swift in Sources */ = {isa = PBXBuildFile; fileRef = A5EC29142089F0DC00506E74 /* PositionsVC.swift */; };
		D9D78548C1AE2103F84F45D8 /* Pods_SlideOutMenu.framework in Frameworks */ = {isa = PBXBuildFile; fileRef = 67EC4E11935085084D525882 /* Pods_SlideOutMenu.framework */; };
/* End PBXBuildFile section */

/* Begin PBXFileReference section */
		42AC71E5A6A54CB2A85BCF75 /* Pods-SlideOutMenu.release.xcconfig */ = {isa = PBXFileReference; includeInIndex = 1; lastKnownFileType = text.xcconfig; name = "Pods-SlideOutMenu.release.xcconfig"; path = "Pods/Target Support Files/Pods-SlideOutMenu/Pods-SlideOutMenu.release.xcconfig"; sourceTree = "<group>"; };
		67EC4E11935085084D525882 /* Pods_SlideOutMenu.framework */ = {isa = PBXFileReference; explicitFileType = wrapper.framework; includeInIndex = 0; path = Pods_SlideOutMenu.framework; sourceTree = BUILT_PRODUCTS_DIR; };
		76E28B455CFF5BC806F9446A /* Pods-SlideOutMenu.debug.xcconfig */ = {isa = PBXFileReference; includeInIndex = 1; lastKnownFileType = text.xcconfig; name = "Pods-SlideOutMenu.debug.xcconfig"; path = "Pods/Target Support Files/Pods-SlideOutMenu/Pods-SlideOutMenu.debug.xcconfig"; sourceTree = "<group>"; };
		A509DC932095B85200AA3B4D /* SwipeTableViewController.swift */ = {isa = PBXFileReference; lastKnownFileType = sourcecode.swift; path = SwipeTableViewController.swift; sourceTree = "<group>"; };
		A509DC972095C27500AA3B4D /* PositionData.swift */ = {isa = PBXFileReference; lastKnownFileType = sourcecode.swift; path = PositionData.swift; sourceTree = "<group>"; };
		A509DC992095D72200AA3B4D /* EmployeeData.swift */ = {isa = PBXFileReference; lastKnownFileType = sourcecode.swift; path = EmployeeData.swift; sourceTree = "<group>"; };
		A509DC9B2096C05500AA3B4D /* SettingVC.swift */ = {isa = PBXFileReference; lastKnownFileType = sourcecode.swift; path = SettingVC.swift; sourceTree = "<group>"; };
		A51862EE209C466D00B8FF29 /* ShiftModel.swift */ = {isa = PBXFileReference; fileEncoding = 4; lastKnownFileType = sourcecode.swift; path = ShiftModel.swift; sourceTree = "<group>"; };
		A51862F2209C483300B8FF29 /* CalendarVC.swift */ = {isa = PBXFileReference; lastKnownFileType = sourcecode.swift; path = CalendarVC.swift; sourceTree = "<group>"; };
		A51862F4209ECD7300B8FF29 /* ShiftVC.swift */ = {isa = PBXFileReference; lastKnownFileType = sourcecode.swift; path = ShiftVC.swift; sourceTree = "<group>"; };
		A51862F6209ECD9500B8FF29 /* shiftTemplateData.swift */ = {isa = PBXFileReference; lastKnownFileType = sourcecode.swift; path = shiftTemplateData.swift; sourceTree = "<group>"; };
		A51862F8209F44F400B8FF29 /* addShiftDetailVC.swift */ = {isa = PBXFileReference; lastKnownFileType = sourcecode.swift; path = addShiftDetailVC.swift; sourceTree = "<group>"; };
		A531B7392089B72F00AE5670 /* Roster.app */ = {isa = PBXFileReference; explicitFileType = wrapper.application; includeInIndex = 0; path = Roster.app; sourceTree = BUILT_PRODUCTS_DIR; };
		A531B73C2089B72F00AE5670 /* AppDelegate.swift */ = {isa = PBXFileReference; lastKnownFileType = sourcecode.swift; path = AppDelegate.swift; sourceTree = "<group>"; };
		A531B73E2089B72F00AE5670 /* ViewController.swift */ = {isa = PBXFileReference; lastKnownFileType = sourcecode.swift; path = ViewController.swift; sourceTree = "<group>"; };
		A531B7412089B72F00AE5670 /* Base */ = {isa = PBXFileReference; lastKnownFileType = file.storyboard; name = Base; path = Base.lproj/Main.storyboard; sourceTree = "<group>"; };
		A531B7432089B73000AE5670 /* Assets.xcassets */ = {isa = PBXFileReference; lastKnownFileType = folder.assetcatalog; path = Assets.xcassets; sourceTree = "<group>"; };
		A531B7462089B73000AE5670 /* Base */ = {isa = PBXFileReference; lastKnownFileType = file.storyboard; name = Base; path = Base.lproj/LaunchScreen.storyboard; sourceTree = "<group>"; };
		A531B7482089B73000AE5670 /* Info.plist */ = {isa = PBXFileReference; lastKnownFileType = text.plist.xml; path = Info.plist; sourceTree = "<group>"; };
		A531B74F2089B8A400AE5670 /* SlideOutMenu-Bridging-Header.h */ = {isa = PBXFileReference; lastKnownFileType = sourcecode.c.h; path = "SlideOutMenu-Bridging-Header.h"; sourceTree = "<group>"; };
		A531B7502089B8A500AE5670 /* SWRevealViewController.h */ = {isa = PBXFileReference; fileEncoding = 4; lastKnownFileType = sourcecode.c.h; path = SWRevealViewController.h; sourceTree = "<group>"; };
		A531B7512089B8A500AE5670 /* SWRevealViewController.m */ = {isa = PBXFileReference; fileEncoding = 4; lastKnownFileType = sourcecode.c.objc; path = SWRevealViewController.m; sourceTree = "<group>"; };
		A531B7532089BC6200AE5670 /* BackTableVC.swift */ = {isa = PBXFileReference; lastKnownFileType = sourcecode.swift; path = BackTableVC.swift; sourceTree = "<group>"; };
		A531B7552089D09A00AE5670 /* Hello.swift */ = {isa = PBXFileReference; lastKnownFileType = sourcecode.swift; path = Hello.swift; sourceTree = "<group>"; };
		A531B7572089E0FF00AE5670 /* MyShiftViewController.swift */ = {isa = PBXFileReference; lastKnownFileType = sourcecode.swift; path = MyShiftViewController.swift; sourceTree = "<group>"; };
		A5A562C92091B41B009CA9D1 /* WorkSpaceData.swift */ = {isa = PBXFileReference; lastKnownFileType = sourcecode.swift; path = WorkSpaceData.swift; sourceTree = "<group>"; };
		A5E7FA3920A0484F00307B12 /* AddShiftCollectionViewCell.swift */ = {isa = PBXFileReference; lastKnownFileType = sourcecode.swift; path = AddShiftCollectionViewCell.swift; sourceTree = "<group>"; };
		A5EC29102089ED3100506E74 /* EmployeesVC.swift */ = {isa = PBXFileReference; lastKnownFileType = sourcecode.swift; path = EmployeesVC.swift; sourceTree = "<group>"; };
		A5EC29122089F0CF00506E74 /* WorkSpaceVC.swift */ = {isa = PBXFileReference; lastKnownFileType = sourcecode.swift; path = WorkSpaceVC.swift; sourceTree = "<group>"; };
		A5EC29142089F0DC00506E74 /* PositionsVC.swift */ = {isa = PBXFileReference; lastKnownFileType = sourcecode.swift; path = PositionsVC.swift; sourceTree = "<group>"; };
/* End PBXFileReference section */

/* Begin PBXFrameworksBuildPhase section */
		A531B7362089B72F00AE5670 /* Frameworks */ = {
			isa = PBXFrameworksBuildPhase;
			buildActionMask = 2147483647;
			files = (
				D9D78548C1AE2103F84F45D8 /* Pods_SlideOutMenu.framework in Frameworks */,
			);
			runOnlyForDeploymentPostprocessing = 0;
		};
/* End PBXFrameworksBuildPhase section */

/* Begin PBXGroup section */
		0B32A0294CEAD267A28E6A0C /* Pods */ = {
			isa = PBXGroup;
			children = (
				76E28B455CFF5BC806F9446A /* Pods-SlideOutMenu.debug.xcconfig */,
				42AC71E5A6A54CB2A85BCF75 /* Pods-SlideOutMenu.release.xcconfig */,
			);
			name = Pods;
			sourceTree = "<group>";
		};
		A531B7302089B72F00AE5670 = {
			isa = PBXGroup;
			children = (
				A531B73B2089B72F00AE5670 /* SlideOutMenu */,
				A531B73A2089B72F00AE5670 /* Products */,
				0B32A0294CEAD267A28E6A0C /* Pods */,
				C5F2167A031017CA8EA4812B /* Frameworks */,
			);
			sourceTree = "<group>";
		};
		A531B73A2089B72F00AE5670 /* Products */ = {
			isa = PBXGroup;
			children = (
				A531B7392089B72F00AE5670 /* Roster.app */,
			);
			name = Products;
			sourceTree = "<group>";
		};
		A531B73B2089B72F00AE5670 /* SlideOutMenu */ = {
			isa = PBXGroup;
			children = (
				A5A562C82091B3D5009CA9D1 /* Data  Model */,
				A5EC2960208C49BE00506E74 /* View */,
				A5EC2917208B2A0000506E74 /* Extensions */,
				A531B74E2089B86500AE5670 /* Supporting File */,
				A531B73C2089B72F00AE5670 /* AppDelegate.swift */,
				A531B73E2089B72F00AE5670 /* ViewController.swift */,
				A531B7402089B72F00AE5670 /* Main.storyboard */,
				A5EC2916208B16EC00506E74 /* Controller */,
				A531B7552089D09A00AE5670 /* Hello.swift */,
				A531B7482089B73000AE5670 /* Info.plist */,
				A531B7432089B73000AE5670 /* Assets.xcassets */,
				A531B7452089B73000AE5670 /* LaunchScreen.storyboard */,
			);
			path = SlideOutMenu;
			sourceTree = "<group>";
		};
		A531B74E2089B86500AE5670 /* Supporting File */ = {
			isa = PBXGroup;
			children = (
				A531B7502089B8A500AE5670 /* SWRevealViewController.h */,
				A531B7512089B8A500AE5670 /* SWRevealViewController.m */,
				A531B74F2089B8A400AE5670 /* SlideOutMenu-Bridging-Header.h */,
			);
			path = "Supporting File";
			sourceTree = "<group>";
		};
		A5A562C82091B3D5009CA9D1 /* Data  Model */ = {
			isa = PBXGroup;
			children = (
				A51862EE209C466D00B8FF29 /* ShiftModel.swift */,
				A5A562C92091B41B009CA9D1 /* WorkSpaceData.swift */,
				A509DC972095C27500AA3B4D /* PositionData.swift */,
				A51862F6209ECD9500B8FF29 /* shiftTemplateData.swift */,
				A509DC992095D72200AA3B4D /* EmployeeData.swift */,
			);
			path = "Data  Model";
			sourceTree = "<group>";
		};
		A5EC2916208B16EC00506E74 /* Controller */ = {
			isa = PBXGroup;
			children = (
				A531B7572089E0FF00AE5670 /* MyShiftViewController.swift */,
				A51862F2209C483300B8FF29 /* CalendarVC.swift */,
				A509DC9B2096C05500AA3B4D /* SettingVC.swift */,
				A51862F8209F44F400B8FF29 /* addShiftDetailVC.swift */,
				A509DC932095B85200AA3B4D /* SwipeTableViewController.swift */,
				A5EC29102089ED3100506E74 /* EmployeesVC.swift */,
				A5EC29122089F0CF00506E74 /* WorkSpaceVC.swift */,
				A51862F4209ECD7300B8FF29 /* ShiftVC.swift */,
				A5EC29142089F0DC00506E74 /* PositionsVC.swift */,
				A531B7532089BC6200AE5670 /* BackTableVC.swift */,
			);
			name = Controller;
			sourceTree = "<group>";
		};
		A5EC2917208B2A0000506E74 /* Extensions */ = {
			isa = PBXGroup;
			children = (
			);
			path = Extensions;
			sourceTree = "<group>";
		};
		A5EC2960208C49BE00506E74 /* View */ = {
			isa = PBXGroup;
			children = (
				A5E7FA3920A0484F00307B12 /* AddShiftCollectionViewCell.swift */,
			);
			path = View;
			sourceTree = "<group>";
		};
		C5F2167A031017CA8EA4812B /* Frameworks */ = {
			isa = PBXGroup;
			children = (
				67EC4E11935085084D525882 /* Pods_SlideOutMenu.framework */,
			);
			name = Frameworks;
			sourceTree = "<group>";
		};
/* End PBXGroup section */

/* Begin PBXNativeTarget section */
		A531B7382089B72F00AE5670 /* Roster */ = {
			isa = PBXNativeTarget;
			buildConfigurationList = A531B74B2089B73000AE5670 /* Build configuration list for PBXNativeTarget "Roster" */;
			buildPhases = (
				DDA257502CAFB157500040C7 /* [CP] Check Pods Manifest.lock */,
				A531B7352089B72F00AE5670 /* Sources */,
				A531B7362089B72F00AE5670 /* Frameworks */,
				A531B7372089B72F00AE5670 /* Resources */,
				26C61457330E21E6610EBDED /* [CP] Embed Pods Frameworks */,
				2019809018D5E5CE9C83A624 /* [CP] Copy Pods Resources */,
			);
			buildRules = (
			);
			dependencies = (
			);
			name = Roster;
			productName = SlideOutMenu;
			productReference = A531B7392089B72F00AE5670 /* Roster.app */;
			productType = "com.apple.product-type.application";
		};
/* End PBXNativeTarget section */

/* Begin PBXProject section */
		A531B7312089B72F00AE5670 /* Project object */ = {
			isa = PBXProject;
			attributes = {
				LastSwiftUpdateCheck = 0930;
				LastUpgradeCheck = 0930;
				ORGANIZATIONNAME = Morris;
				TargetAttributes = {
					A531B7382089B72F00AE5670 = {
						CreatedOnToolsVersion = 9.3;
						LastSwiftMigration = 0930;
					};
				};
			};
			buildConfigurationList = A531B7342089B72F00AE5670 /* Build configuration list for PBXProject "SlideOutMenu" */;
			compatibilityVersion = "Xcode 9.3";
			developmentRegion = en;
			hasScannedForEncodings = 0;
			knownRegions = (
				en,
				Base,
			);
			mainGroup = A531B7302089B72F00AE5670;
			productRefGroup = A531B73A2089B72F00AE5670 /* Products */;
			projectDirPath = "";
			projectRoot = "";
			targets = (
				A531B7382089B72F00AE5670 /* Roster */,
			);
		};
/* End PBXProject section */

/* Begin PBXResourcesBuildPhase section */
		A531B7372089B72F00AE5670 /* Resources */ = {
			isa = PBXResourcesBuildPhase;
			buildActionMask = 2147483647;
			files = (
				A531B7472089B73000AE5670 /* LaunchScreen.storyboard in Resources */,
				A531B7442089B73000AE5670 /* Assets.xcassets in Resources */,
				A531B7422089B72F00AE5670 /* Main.storyboard in Resources */,
			);
			runOnlyForDeploymentPostprocessing = 0;
		};
/* End PBXResourcesBuildPhase section */

/* Begin PBXShellScriptBuildPhase section */
		2019809018D5E5CE9C83A624 /* [CP] Copy Pods Resources */ = {
			isa = PBXShellScriptBuildPhase;
			buildActionMask = 2147483647;
			files = (
			);
			inputPaths = (
			);
			name = "[CP] Copy Pods Resources";
			outputPaths = (
			);
			runOnlyForDeploymentPostprocessing = 0;
			shellPath = /bin/sh;
			shellScript = "\"${SRCROOT}/Pods/Target Support Files/Pods-SlideOutMenu/Pods-SlideOutMenu-resources.sh\"\n";
			showEnvVarsInLog = 0;
		};
		26C61457330E21E6610EBDED /* [CP] Embed Pods Frameworks */ = {
			isa = PBXShellScriptBuildPhase;
			buildActionMask = 2147483647;
			files = (
			);
			inputPaths = (
				"${SRCROOT}/Pods/Target Support Files/Pods-SlideOutMenu/Pods-SlideOutMenu-frameworks.sh",
				"${BUILT_PRODUCTS_DIR}/CVCalendar/CVCalendar.framework",
				"${BUILT_PRODUCTS_DIR}/Realm/Realm.framework",
				"${BUILT_PRODUCTS_DIR}/RealmSwift/RealmSwift.framework",
				"${BUILT_PRODUCTS_DIR}/SwipeCellKit/SwipeCellKit.framework",
			);
			name = "[CP] Embed Pods Frameworks";
			outputPaths = (
				"${TARGET_BUILD_DIR}/${FRAMEWORKS_FOLDER_PATH}/CVCalendar.framework",
				"${TARGET_BUILD_DIR}/${FRAMEWORKS_FOLDER_PATH}/Realm.framework",
				"${TARGET_BUILD_DIR}/${FRAMEWORKS_FOLDER_PATH}/RealmSwift.framework",
				"${TARGET_BUILD_DIR}/${FRAMEWORKS_FOLDER_PATH}/SwipeCellKit.framework",
			);
			runOnlyForDeploymentPostprocessing = 0;
			shellPath = /bin/sh;
			shellScript = "\"${SRCROOT}/Pods/Target Support Files/Pods-SlideOutMenu/Pods-SlideOutMenu-frameworks.sh\"\n";
			showEnvVarsInLog = 0;
		};
		DDA257502CAFB157500040C7 /* [CP] Check Pods Manifest.lock */ = {
			isa = PBXShellScriptBuildPhase;
			buildActionMask = 2147483647;
			files = (
			);
			inputPaths = (
				"${PODS_PODFILE_DIR_PATH}/Podfile.lock",
				"${PODS_ROOT}/Manifest.lock",
			);
			name = "[CP] Check Pods Manifest.lock";
			outputPaths = (
				"$(DERIVED_FILE_DIR)/Pods-SlideOutMenu-checkManifestLockResult.txt",
			);
			runOnlyForDeploymentPostprocessing = 0;
			shellPath = /bin/sh;
			shellScript = "diff \"${PODS_PODFILE_DIR_PATH}/Podfile.lock\" \"${PODS_ROOT}/Manifest.lock\" > /dev/null\nif [ $? != 0 ] ; then\n    # print error to STDERR\n    echo \"error: The sandbox is not in sync with the Podfile.lock. Run 'pod install' or update your CocoaPods installation.\" >&2\n    exit 1\nfi\n# This output is used by Xcode 'outputs' to avoid re-running this script phase.\necho \"SUCCESS\" > \"${SCRIPT_OUTPUT_FILE_0}\"\n";
			showEnvVarsInLog = 0;
		};
/* End PBXShellScriptBuildPhase section */

/* Begin PBXSourcesBuildPhase section */
		A531B7352089B72F00AE5670 /* Sources */ = {
			isa = PBXSourcesBuildPhase;
			buildActionMask = 2147483647;
			files = (
				A5EC29112089ED3100506E74 /* EmployeesVC.swift in Sources */,
				A509DC9C2096C05500AA3B4D /* SettingVC.swift in Sources */,
				A51862F3209C483300B8FF29 /* CalendarVC.swift in Sources */,
				A531B73F2089B72F00AE5670 /* ViewController.swift in Sources */,
				A51862F7209ECD9500B8FF29 /* shiftTemplateData.swift in Sources */,
				A531B73D2089B72F00AE5670 /* AppDelegate.swift in Sources */,
				A51862F9209F44F400B8FF29 /* addShiftDetailVC.swift in Sources */,
				A531B7542089BC6200AE5670 /* BackTableVC.swift in Sources */,
				A509DC982095C27500AA3B4D /* PositionData.swift in Sources */,
				A5EC29132089F0CF00506E74 /* WorkSpaceVC.swift in Sources */,
				A531B7562089D09A00AE5670 /* Hello.swift in Sources */,
				A5A562CA2091B41B009CA9D1 /* WorkSpaceData.swift in Sources */,
				A51862EF209C466D00B8FF29 /* ShiftModel.swift in Sources */,
				A51862F5209ECD7300B8FF29 /* ShiftVC.swift in Sources */,
				A5E7FA3A20A0484F00307B12 /* AddShiftCollectionViewCell.swift in Sources */,
				A509DC9A2095D72200AA3B4D /* EmployeeData.swift in Sources */,
				A531B7522089B8A500AE5670 /* SWRevealViewController.m in Sources */,
				A509DC942095B85200AA3B4D /* SwipeTableViewController.swift in Sources */,
				A5EC29152089F0DC00506E74 /* PositionsVC.swift in Sources */,
				A531B7582089E0FF00AE5670 /* MyShiftViewController.swift in Sources */,
			);
			runOnlyForDeploymentPostprocessing = 0;
		};
/* End PBXSourcesBuildPhase section */

/* Begin PBXVariantGroup section */
		A531B7402089B72F00AE5670 /* Main.storyboard */ = {
			isa = PBXVariantGroup;
			children = (
				A531B7412089B72F00AE5670 /* Base */,
			);
			name = Main.storyboard;
			sourceTree = "<group>";
		};
		A531B7452089B73000AE5670 /* LaunchScreen.storyboard */ = {
			isa = PBXVariantGroup;
			children = (
				A531B7462089B73000AE5670 /* Base */,
			);
			name = LaunchScreen.storyboard;
			sourceTree = "<group>";
		};
/* End PBXVariantGroup section */

/* Begin XCBuildConfiguration section */
		A531B7492089B73000AE5670 /* Debug */ = {
			isa = XCBuildConfiguration;
			buildSettings = {
				ALWAYS_SEARCH_USER_PATHS = NO;
				CLANG_ANALYZER_NONNULL = YES;
				CLANG_ANALYZER_NUMBER_OBJECT_CONVERSION = YES_AGGRESSIVE;
				CLANG_CXX_LANGUAGE_STANDARD = "gnu++14";
				CLANG_CXX_LIBRARY = "libc++";
				CLANG_ENABLE_MODULES = YES;
				CLANG_ENABLE_OBJC_ARC = YES;
				CLANG_ENABLE_OBJC_WEAK = YES;
				CLANG_WARN_BLOCK_CAPTURE_AUTORELEASING = YES;
				CLANG_WARN_BOOL_CONVERSION = YES;
				CLANG_WARN_COMMA = YES;
				CLANG_WARN_CONSTANT_CONVERSION = YES;
				CLANG_WARN_DEPRECATED_OBJC_IMPLEMENTATIONS = YES;
				CLANG_WARN_DIRECT_OBJC_ISA_USAGE = YES_ERROR;
				CLANG_WARN_DOCUMENTATION_COMMENTS = YES;
				CLANG_WARN_EMPTY_BODY = YES;
				CLANG_WARN_ENUM_CONVERSION = YES;
				CLANG_WARN_INFINITE_RECURSION = YES;
				CLANG_WARN_INT_CONVERSION = YES;
				CLANG_WARN_NON_LITERAL_NULL_CONVERSION = YES;
				CLANG_WARN_OBJC_IMPLICIT_RETAIN_SELF = YES;
				CLANG_WARN_OBJC_LITERAL_CONVERSION = YES;
				CLANG_WARN_OBJC_ROOT_CLASS = YES_ERROR;
				CLANG_WARN_RANGE_LOOP_ANALYSIS = YES;
				CLANG_WARN_STRICT_PROTOTYPES = YES;
				CLANG_WARN_SUSPICIOUS_MOVE = YES;
				CLANG_WARN_UNGUARDED_AVAILABILITY = YES_AGGRESSIVE;
				CLANG_WARN_UNREACHABLE_CODE = YES;
				CLANG_WARN__DUPLICATE_METHOD_MATCH = YES;
				CODE_SIGN_IDENTITY = "iPhone Developer";
				COPY_PHASE_STRIP = NO;
				DEBUG_INFORMATION_FORMAT = dwarf;
				ENABLE_STRICT_OBJC_MSGSEND = YES;
				ENABLE_TESTABILITY = YES;
				GCC_C_LANGUAGE_STANDARD = gnu11;
				GCC_DYNAMIC_NO_PIC = NO;
				GCC_NO_COMMON_BLOCKS = YES;
				GCC_OPTIMIZATION_LEVEL = 0;
				GCC_PREPROCESSOR_DEFINITIONS = (
					"DEBUG=1",
					"$(inherited)",
				);
				GCC_WARN_64_TO_32_BIT_CONVERSION = YES;
				GCC_WARN_ABOUT_RETURN_TYPE = YES_ERROR;
				GCC_WARN_UNDECLARED_SELECTOR = YES;
				GCC_WARN_UNINITIALIZED_AUTOS = YES_AGGRESSIVE;
				GCC_WARN_UNUSED_FUNCTION = YES;
				GCC_WARN_UNUSED_VARIABLE = YES;
				IPHONEOS_DEPLOYMENT_TARGET = 11.3;
				MTL_ENABLE_DEBUG_INFO = YES;
				ONLY_ACTIVE_ARCH = YES;
				SDKROOT = iphoneos;
				SWIFT_ACTIVE_COMPILATION_CONDITIONS = DEBUG;
				SWIFT_OPTIMIZATION_LEVEL = "-Onone";
			};
			name = Debug;
		};
		A531B74A2089B73000AE5670 /* Release */ = {
			isa = XCBuildConfiguration;
			buildSettings = {
				ALWAYS_SEARCH_USER_PATHS = NO;
				CLANG_ANALYZER_NONNULL = YES;
				CLANG_ANALYZER_NUMBER_OBJECT_CONVERSION = YES_AGGRESSIVE;
				CLANG_CXX_LANGUAGE_STANDARD = "gnu++14";
				CLANG_CXX_LIBRARY = "libc++";
				CLANG_ENABLE_MODULES = YES;
				CLANG_ENABLE_OBJC_ARC = YES;
				CLANG_ENABLE_OBJC_WEAK = YES;
				CLANG_WARN_BLOCK_CAPTURE_AUTORELEASING = YES;
				CLANG_WARN_BOOL_CONVERSION = YES;
				CLANG_WARN_COMMA = YES;
				CLANG_WARN_CONSTANT_CONVERSION = YES;
				CLANG_WARN_DEPRECATED_OBJC_IMPLEMENTATIONS = YES;
				CLANG_WARN_DIRECT_OBJC_ISA_USAGE = YES_ERROR;
				CLANG_WARN_DOCUMENTATION_COMMENTS = YES;
				CLANG_WARN_EMPTY_BODY = YES;
				CLANG_WARN_ENUM_CONVERSION = YES;
				CLANG_WARN_INFINITE_RECURSION = YES;
				CLANG_WARN_INT_CONVERSION = YES;
				CLANG_WARN_NON_LITERAL_NULL_CONVERSION = YES;
				CLANG_WARN_OBJC_IMPLICIT_RETAIN_SELF = YES;
				CLANG_WARN_OBJC_LITERAL_CONVERSION = YES;
				CLANG_WARN_OBJC_ROOT_CLASS = YES_ERROR;
				CLANG_WARN_RANGE_LOOP_ANALYSIS = YES;
				CLANG_WARN_STRICT_PROTOTYPES = YES;
				CLANG_WARN_SUSPICIOUS_MOVE = YES;
				CLANG_WARN_UNGUARDED_AVAILABILITY = YES_AGGRESSIVE;
				CLANG_WARN_UNREACHABLE_CODE = YES;
				CLANG_WARN__DUPLICATE_METHOD_MATCH = YES;
				CODE_SIGN_IDENTITY = "iPhone Developer";
				COPY_PHASE_STRIP = NO;
				DEBUG_INFORMATION_FORMAT = "dwarf-with-dsym";
				ENABLE_NS_ASSERTIONS = NO;
				ENABLE_STRICT_OBJC_MSGSEND = YES;
				GCC_C_LANGUAGE_STANDARD = gnu11;
				GCC_NO_COMMON_BLOCKS = YES;
				GCC_WARN_64_TO_32_BIT_CONVERSION = YES;
				GCC_WARN_ABOUT_RETURN_TYPE = YES_ERROR;
				GCC_WARN_UNDECLARED_SELECTOR = YES;
				GCC_WARN_UNINITIALIZED_AUTOS = YES_AGGRESSIVE;
				GCC_WARN_UNUSED_FUNCTION = YES;
				GCC_WARN_UNUSED_VARIABLE = YES;
				IPHONEOS_DEPLOYMENT_TARGET = 11.3;
				MTL_ENABLE_DEBUG_INFO = NO;
				SDKROOT = iphoneos;
				SWIFT_COMPILATION_MODE = wholemodule;
				SWIFT_OPTIMIZATION_LEVEL = "-O";
				VALIDATE_PRODUCT = YES;
			};
			name = Release;
		};
		A531B74C2089B73000AE5670 /* Debug */ = {
			isa = XCBuildConfiguration;
			baseConfigurationReference = 76E28B455CFF5BC806F9446A /* Pods-SlideOutMenu.debug.xcconfig */;
			buildSettings = {
				ASSETCATALOG_COMPILER_APPICON_NAME = AppIcon;
				CLANG_ENABLE_MODULES = YES;
				CODE_SIGN_STYLE = Automatic;
				DEVELOPMENT_TEAM = W7LY8NA626;
				INFOPLIST_FILE = SlideOutMenu/Info.plist;
				LD_RUNPATH_SEARCH_PATHS = (
					"$(inherited)",
					"@executable_path/Frameworks",
				);
				PRODUCT_BUNDLE_IDENTIFIER = com.morrislwt.SlideOutMenu;
				PRODUCT_NAME = "$(TARGET_NAME)";
				SWIFT_OBJC_BRIDGING_HEADER = "SlideOutMenu/Supporting File/SlideOutMenu-Bridging-Header.h";
				SWIFT_OPTIMIZATION_LEVEL = "-Onone";
				SWIFT_VERSION = 4.0;
				TARGETED_DEVICE_FAMILY = "1,2";
			};
			name = Debug;
		};
		A531B74D2089B73000AE5670 /* Release */ = {
			isa = XCBuildConfiguration;
			baseConfigurationReference = 42AC71E5A6A54CB2A85BCF75 /* Pods-SlideOutMenu.release.xcconfig */;
			buildSettings = {
				ASSETCATALOG_COMPILER_APPICON_NAME = AppIcon;
				CLANG_ENABLE_MODULES = YES;
				CODE_SIGN_STYLE = Automatic;
				DEVELOPMENT_TEAM = W7LY8NA626;
				INFOPLIST_FILE = SlideOutMenu/Info.plist;
				LD_RUNPATH_SEARCH_PATHS = (
					"$(inherited)",
					"@executable_path/Frameworks",
				);
				PRODUCT_BUNDLE_IDENTIFIER = com.morrislwt.SlideOutMenu;
				PRODUCT_NAME = "$(TARGET_NAME)";
				SWIFT_OBJC_BRIDGING_HEADER = "SlideOutMenu/Supporting File/SlideOutMenu-Bridging-Header.h";
				SWIFT_VERSION = 4.0;
				TARGETED_DEVICE_FAMILY = "1,2";
			};
			name = Release;
		};
/* End XCBuildConfiguration section */

/* Begin XCConfigurationList section */
		A531B7342089B72F00AE5670 /* Build configuration list for PBXProject "SlideOutMenu" */ = {
			isa = XCConfigurationList;
			buildConfigurations = (
				A531B7492089B73000AE5670 /* Debug */,
				A531B74A2089B73000AE5670 /* Release */,
			);
			defaultConfigurationIsVisible = 0;
			defaultConfigurationName = Release;
		};
		A531B74B2089B73000AE5670 /* Build configuration list for PBXNativeTarget "Roster" */ = {
			isa = XCConfigurationList;
			buildConfigurations = (
				A531B74C2089B73000AE5670 /* Debug */,
				A531B74D2089B73000AE5670 /* Release */,
			);
			defaultConfigurationIsVisible = 0;
			defaultConfigurationName = Release;
		};
/* End XCConfigurationList section */
	};
	rootObject = A531B7312089B72F00AE5670 /* Project object */;
}
